
Microsoft Visual Studio Solution File, Format Version 12.00
# Visual Studio 15
VisualStudioVersion = 15.0.28307.421
MinimumVisualStudioVersion = 10.0.40219.1
Project("{FAE04EC0-301F-11D3-BF4B-00C04F79EFBC}") = "NissanCoupon", "NissanCoupon.csproj", "{8F42EEE4-47E5-4853-9318-1879F7432E5E}"
EndProject
Project("{FAE04EC0-301F-11D3-BF4B-00C04F79EFBC}") = "NissanCouponLibrary", "..\..\Library\NissanCouponLibrary\NissanCouponLibrary.csproj", "{0DC602F5-0398-4735-9F33-8F6110EF2C3F}"
EndProject
Project("{FAE04EC0-301F-11D3-BF4B-00C04F79EFBC}") = "Test", "..\Test\Test.csproj", "{C85F8749-6827-47D0-8196-0DE2CE3A627B}"
EndProject
Project("{FAE04EC0-301F-11D3-BF4B-00C04F79EFBC}") = "NSC_ClientTool", "..\..\NSC_ClientTool\NSC_ClientTool.csproj", "{7DEA8683-FC98-45A8-B82D-74F40A9A85C9}"
EndProject
Global
	GlobalSection(SolutionConfigurationPlatforms) = preSolution
		Debug|Any CPU = Debug|Any CPU
		Release|Any CPU = Release|Any CPU
	EndGlobalSection
	GlobalSection(ProjectConfigurationPlatforms) = postSolution
		{8F42EEE4-47E5-4853-9318-1879F7432E5E}.Debug|Any CPU.ActiveCfg = Debug|Any CPU
		{8F42EEE4-47E5-4853-9318-1879F7432E5E}.Debug|Any CPU.Build.0 = Debug|Any CPU
		{8F42EEE4-47E5-4853-9318-1879F7432E5E}.Release|Any CPU.ActiveCfg = Release|Any CPU
		{8F42EEE4-47E5-4853-9318-1879F7432E5E}.Release|Any CPU.Build.0 = Release|Any CPU
		{0DC602F5-0398-4735-9F33-8F6110EF2C3F}.Debug|Any CPU.ActiveCfg = Debug|Any CPU
		{0DC602F5-0398-4735-9F33-8F6110EF2C3F}.Debug|Any CPU.Build.0 = Debug|Any CPU
		{0DC602F5-0398-4735-9F33-8F6110EF2C3F}.Release|Any CPU.ActiveCfg = Release|Any CPU
		{0DC602F5-0398-4735-9F33-8F6110EF2C3F}.Release|Any CPU.Build.0 = Release|Any CPU
		{C85F8749-6827-47D0-8196-0DE2CE3A627B}.Debug|Any CPU.ActiveCfg = Debug|Any CPU
		{C85F8749-6827-47D0-8196-0DE2CE3A627B}.Debug|Any CPU.Build.0 = Debug|Any CPU
		{C85F8749-6827-47D0-8196-0DE2CE3A627B}.Release|Any CPU.ActiveCfg = Release|Any CPU
		{C85F8749-6827-47D0-8196-0DE2CE3A627B}.Release|Any CPU.Build.0 = Release|Any CPU
		{7DEA8683-FC98-45A8-B82D-74F40A9A85C9}.Debug|Any CPU.ActiveCfg = Debug|Any CPU
		{7DEA8683-FC98-45A8-B82D-74F40A9A85C9}.Debug|Any CPU.Build.0 = Debug|Any CPU
		{7DEA8683-FC98-45A8-B82D-74F40A9A85C9}.Release|Any CPU.ActiveCfg = Release|Any CPU
		{7DEA8683-FC98-45A8-B82D-74F40A9A85C9}.Release|Any CPU.Build.0 = Release|Any CPU
	EndGlobalSection
	GlobalSection(SolutionProperties) = preSolution
		HideSolutionNode = FALSE
	EndGlobalSection
	GlobalSection(ExtensibilityGlobals) = postSolution
		SolutionGuid = {9F214BA4-0E88-420B-BC95-18ADA67BBF0A}
	EndGlobalSection
EndGlobal
